// !$*UTF8*$!
{
	archiveVersion = 1;
	classes = {
	};
	objectVersion = 50;
	objects = {

/* Begin PBXBuildFile section */
		6C383AEE265FF0E6002DA86B /* AppDelegate.swift in Sources */ = {isa = PBXBuildFile; fileRef = 6C383AED265FF0E6002DA86B /* AppDelegate.swift */; };
		6C383AF0265FF0E6002DA86B /* SceneDelegate.swift in Sources */ = {isa = PBXBuildFile; fileRef = 6C383AEF265FF0E6002DA86B /* SceneDelegate.swift */; };
		6C383AF8265FF0E6002DA86B /* login_with_combine.xcdatamodeld in Sources */ = {isa = PBXBuildFile; fileRef = 6C383AF6265FF0E6002DA86B /* login_with_combine.xcdatamodeld */; };
		6C383AFA265FF0E9002DA86B /* Assets.xcassets in Resources */ = {isa = PBXBuildFile; fileRef = 6C383AF9265FF0E9002DA86B /* Assets.xcassets */; };
		6C383AFD265FF0E9002DA86B /* LaunchScreen.storyboard in Resources */ = {isa = PBXBuildFile; fileRef = 6C383AFB265FF0E9002DA86B /* LaunchScreen.storyboard */; };
		6C383B08265FF0E9002DA86B /* login_with_combineTests.swift in Sources */ = {isa = PBXBuildFile; fileRef = 6C383B07265FF0E9002DA86B /* login_with_combineTests.swift */; };
		6C383B13265FF0EA002DA86B /* login_with_combineUITests.swift in Sources */ = {isa = PBXBuildFile; fileRef = 6C383B12265FF0EA002DA86B /* login_with_combineUITests.swift */; };
		6C383B2C265FF1AE002DA86B /* FormFieldView.swift in Sources */ = {isa = PBXBuildFile; fileRef = 6C383B2B265FF1AE002DA86B /* FormFieldView.swift */; };
		6C383B34265FF1F0002DA86B /* LoginViewController.swift in Sources */ = {isa = PBXBuildFile; fileRef = 6C383B33265FF1F0002DA86B /* LoginViewController.swift */; };
		6C383B3A265FF2FF002DA86B /* UIView+Ext.swift in Sources */ = {isa = PBXBuildFile; fileRef = 6C383B39265FF2FF002DA86B /* UIView+Ext.swift */; };
		6C383B42265FF6E5002DA86B /* BaseViewController.swift in Sources */ = {isa = PBXBuildFile; fileRef = 6C383B41265FF6E5002DA86B /* BaseViewController.swift */; };
/* End PBXBuildFile section */

/* Begin PBXContainerItemProxy section */
		6C383B04265FF0E9002DA86B /* PBXContainerItemProxy */ = {
			isa = PBXContainerItemProxy;
			containerPortal = 6C383AE2265FF0E6002DA86B /* Project object */;
			proxyType = 1;
			remoteGlobalIDString = 6C383AE9265FF0E6002DA86B;
			remoteInfo = "login-with-combine";
		};
		6C383B0F265FF0E9002DA86B /* PBXContainerItemProxy */ = {
			isa = PBXContainerItemProxy;
			containerPortal = 6C383AE2265FF0E6002DA86B /* Project object */;
			proxyType = 1;
			remoteGlobalIDString = 6C383AE9265FF0E6002DA86B;
			remoteInfo = "login-with-combine";
		};
/* End PBXContainerItemProxy section */

/* Begin PBXFileReference section */
		6C383AEA265FF0E6002DA86B /* login-with-combine.app */ = {isa = PBXFileReference; explicitFileType = wrapper.application; includeInIndex = 0; path = "login-with-combine.app"; sourceTree = BUILT_PRODUCTS_DIR; };
		6C383AED265FF0E6002DA86B /* AppDelegate.swift */ = {isa = PBXFileReference; lastKnownFileType = sourcecode.swift; path = AppDelegate.swift; sourceTree = "<group>"; };
		6C383AEF265FF0E6002DA86B /* SceneDelegate.swift */ = {isa = PBXFileReference; lastKnownFileType = sourcecode.swift; path = SceneDelegate.swift; sourceTree = "<group>"; };
		6C383AF7265FF0E6002DA86B /* login_with_combine.xcdatamodel */ = {isa = PBXFileReference; lastKnownFileType = wrapper.xcdatamodel; path = login_with_combine.xcdatamodel; sourceTree = "<group>"; };
		6C383AF9265FF0E9002DA86B /* Assets.xcassets */ = {isa = PBXFileReference; lastKnownFileType = folder.assetcatalog; path = Assets.xcassets; sourceTree = "<group>"; };
		6C383AFC265FF0E9002DA86B /* Base */ = {isa = PBXFileReference; lastKnownFileType = file.storyboard; name = Base; path = Base.lproj/LaunchScreen.storyboard; sourceTree = "<group>"; };
		6C383AFE265FF0E9002DA86B /* Info.plist */ = {isa = PBXFileReference; lastKnownFileType = text.plist.xml; path = Info.plist; sourceTree = "<group>"; };
		6C383B03265FF0E9002DA86B /* login-with-combineTests.xctest */ = {isa = PBXFileReference; explicitFileType = wrapper.cfbundle; includeInIndex = 0; path = "login-with-combineTests.xctest"; sourceTree = BUILT_PRODUCTS_DIR; };
		6C383B07265FF0E9002DA86B /* login_with_combineTests.swift */ = {isa = PBXFileReference; lastKnownFileType = sourcecode.swift; path = login_with_combineTests.swift; sourceTree = "<group>"; };
		6C383B09265FF0E9002DA86B /* Info.plist */ = {isa = PBXFileReference; lastKnownFileType = text.plist.xml; path = Info.plist; sourceTree = "<group>"; };
		6C383B0E265FF0E9002DA86B /* login-with-combineUITests.xctest */ = {isa = PBXFileReference; explicitFileType = wrapper.cfbundle; includeInIndex = 0; path = "login-with-combineUITests.xctest"; sourceTree = BUILT_PRODUCTS_DIR; };
		6C383B12265FF0EA002DA86B /* login_with_combineUITests.swift */ = {isa = PBXFileReference; lastKnownFileType = sourcecode.swift; path = login_with_combineUITests.swift; sourceTree = "<group>"; };
		6C383B14265FF0EA002DA86B /* Info.plist */ = {isa = PBXFileReference; lastKnownFileType = text.plist.xml; path = Info.plist; sourceTree = "<group>"; };
		6C383B2B265FF1AE002DA86B /* FormFieldView.swift */ = {isa = PBXFileReference; lastKnownFileType = sourcecode.swift; path = FormFieldView.swift; sourceTree = "<group>"; };
		6C383B33265FF1F0002DA86B /* LoginViewController.swift */ = {isa = PBXFileReference; lastKnownFileType = sourcecode.swift; path = LoginViewController.swift; sourceTree = "<group>"; };
		6C383B39265FF2FF002DA86B /* UIView+Ext.swift */ = {isa = PBXFileReference; lastKnownFileType = sourcecode.swift; path = "UIView+Ext.swift"; sourceTree = "<group>"; };
		6C383B41265FF6E5002DA86B /* BaseViewController.swift */ = {isa = PBXFileReference; lastKnownFileType = sourcecode.swift; path = BaseViewController.swift; sourceTree = "<group>"; };
/* End PBXFileReference section */

/* Begin PBXFrameworksBuildPhase section */
		6C383AE7265FF0E6002DA86B /* Frameworks */ = {
			isa = PBXFrameworksBuildPhase;
			buildActionMask = 2147483647;
			files = (
			);
			runOnlyForDeploymentPostprocessing = 0;
		};
		6C383B00265FF0E9002DA86B /* Frameworks */ = {
			isa = PBXFrameworksBuildPhase;
			buildActionMask = 2147483647;
			files = (
			);
			runOnlyForDeploymentPostprocessing = 0;
		};
		6C383B0B265FF0E9002DA86B /* Frameworks */ = {
			isa = PBXFrameworksBuildPhase;
			buildActionMask = 2147483647;
			files = (
			);
			runOnlyForDeploymentPostprocessing = 0;
		};
/* End PBXFrameworksBuildPhase section */

/* Begin PBXGroup section */
		6C383AE1265FF0E6002DA86B = {
			isa = PBXGroup;
			children = (
				6C383AEC265FF0E6002DA86B /* login-with-combine */,
				6C383B06265FF0E9002DA86B /* login-with-combineTests */,
				6C383B11265FF0E9002DA86B /* login-with-combineUITests */,
				6C383AEB265FF0E6002DA86B /* Products */,
			);
			sourceTree = "<group>";
		};
		6C383AEB265FF0E6002DA86B /* Products */ = {
			isa = PBXGroup;
			children = (
				6C383AEA265FF0E6002DA86B /* login-with-combine.app */,
				6C383B03265FF0E9002DA86B /* login-with-combineTests.xctest */,
				6C383B0E265FF0E9002DA86B /* login-with-combineUITests.xctest */,
			);
			name = Products;
			sourceTree = "<group>";
		};
		6C383AEC265FF0E6002DA86B /* login-with-combine */ = {
			isa = PBXGroup;
			children = (
				6C383B38265FF2EF002DA86B /* Extensions */,
				6C383B2A265FF153002DA86B /* Controller */,
				6C383B29265FF14A002DA86B /* View */,
				6C383AED265FF0E6002DA86B /* AppDelegate.swift */,
				6C383AEF265FF0E6002DA86B /* SceneDelegate.swift */,
				6C383AF9265FF0E9002DA86B /* Assets.xcassets */,
				6C383AFB265FF0E9002DA86B /* LaunchScreen.storyboard */,
				6C383AFE265FF0E9002DA86B /* Info.plist */,
				6C383AF6265FF0E6002DA86B /* login_with_combine.xcdatamodeld */,
			);
			path = "login-with-combine";
			sourceTree = "<group>";
		};
		6C383B06265FF0E9002DA86B /* login-with-combineTests */ = {
			isa = PBXGroup;
			children = (
				6C383B07265FF0E9002DA86B /* login_with_combineTests.swift */,
				6C383B09265FF0E9002DA86B /* Info.plist */,
			);
			path = "login-with-combineTests";
			sourceTree = "<group>";
		};
		6C383B11265FF0E9002DA86B /* login-with-combineUITests */ = {
			isa = PBXGroup;
			children = (
				6C383B12265FF0EA002DA86B /* login_with_combineUITests.swift */,
				6C383B14265FF0EA002DA86B /* Info.plist */,
			);
			path = "login-with-combineUITests";
			sourceTree = "<group>";
		};
		6C383B29265FF14A002DA86B /* View */ = {
			isa = PBXGroup;
			children = (
				6C383B2B265FF1AE002DA86B /* FormFieldView.swift */,
			);
			path = View;
			sourceTree = "<group>";
		};
		6C383B2A265FF153002DA86B /* Controller */ = {
			isa = PBXGroup;
			children = (
				6C383B33265FF1F0002DA86B /* LoginViewController.swift */,
				6C383B41265FF6E5002DA86B /* BaseViewController.swift */,
			);
			path = Controller;
			sourceTree = "<group>";
		};
		6C383B38265FF2EF002DA86B /* Extensions */ = {
			isa = PBXGroup;
			children = (
				6C383B39265FF2FF002DA86B /* UIView+Ext.swift */,
			);
			path = Extensions;
			sourceTree = "<group>";
		};
/* End PBXGroup section */

/* Begin PBXNativeTarget section */
		6C383AE9265FF0E6002DA86B /* login-with-combine */ = {
			isa = PBXNativeTarget;
			buildConfigurationList = 6C383B17265FF0EA002DA86B /* Build configuration list for PBXNativeTarget "login-with-combine" */;
			buildPhases = (
				6C383AE6265FF0E6002DA86B /* Sources */,
				6C383AE7265FF0E6002DA86B /* Frameworks */,
				6C383AE8265FF0E6002DA86B /* Resources */,
			);
			buildRules = (
			);
			dependencies = (
			);
			name = "login-with-combine";
			productName = "login-with-combine";
			productReference = 6C383AEA265FF0E6002DA86B /* login-with-combine.app */;
			productType = "com.apple.product-type.application";
		};
		6C383B02265FF0E9002DA86B /* login-with-combineTests */ = {
			isa = PBXNativeTarget;
			buildConfigurationList = 6C383B1A265FF0EA002DA86B /* Build configuration list for PBXNativeTarget "login-with-combineTests" */;
			buildPhases = (
				6C383AFF265FF0E9002DA86B /* Sources */,
				6C383B00265FF0E9002DA86B /* Frameworks */,
				6C383B01265FF0E9002DA86B /* Resources */,
			);
			buildRules = (
			);
			dependencies = (
				6C383B05265FF0E9002DA86B /* PBXTargetDependency */,
			);
			name = "login-with-combineTests";
			productName = "login-with-combineTests";
			productReference = 6C383B03265FF0E9002DA86B /* login-with-combineTests.xctest */;
			productType = "com.apple.product-type.bundle.unit-test";
		};
		6C383B0D265FF0E9002DA86B /* login-with-combineUITests */ = {
			isa = PBXNativeTarget;
			buildConfigurationList = 6C383B1D265FF0EA002DA86B /* Build configuration list for PBXNativeTarget "login-with-combineUITests" */;
			buildPhases = (
				6C383B0A265FF0E9002DA86B /* Sources */,
				6C383B0B265FF0E9002DA86B /* Frameworks */,
				6C383B0C265FF0E9002DA86B /* Resources */,
			);
			buildRules = (
			);
			dependencies = (
				6C383B10265FF0E9002DA86B /* PBXTargetDependency */,
			);
			name = "login-with-combineUITests";
			productName = "login-with-combineUITests";
			productReference = 6C383B0E265FF0E9002DA86B /* login-with-combineUITests.xctest */;
			productType = "com.apple.product-type.bundle.ui-testing";
		};
/* End PBXNativeTarget section */

/* Begin PBXProject section */
		6C383AE2265FF0E6002DA86B /* Project object */ = {
			isa = PBXProject;
			attributes = {
				LastSwiftUpdateCheck = 1240;
				LastUpgradeCheck = 1240;
				TargetAttributes = {
					6C383AE9265FF0E6002DA86B = {
						CreatedOnToolsVersion = 12.4;
					};
					6C383B02265FF0E9002DA86B = {
						CreatedOnToolsVersion = 12.4;
						TestTargetID = 6C383AE9265FF0E6002DA86B;
					};
					6C383B0D265FF0E9002DA86B = {
						CreatedOnToolsVersion = 12.4;
						TestTargetID = 6C383AE9265FF0E6002DA86B;
					};
				};
			};
			buildConfigurationList = 6C383AE5265FF0E6002DA86B /* Build configuration list for PBXProject "login-with-combine" */;
			compatibilityVersion = "Xcode 9.3";
			developmentRegion = en;
			hasScannedForEncodings = 0;
			knownRegions = (
				en,
				Base,
			);
			mainGroup = 6C383AE1265FF0E6002DA86B;
			productRefGroup = 6C383AEB265FF0E6002DA86B /* Products */;
			projectDirPath = "";
			projectRoot = "";
			targets = (
				6C383AE9265FF0E6002DA86B /* login-with-combine */,
				6C383B02265FF0E9002DA86B /* login-with-combineTests */,
				6C383B0D265FF0E9002DA86B /* login-with-combineUITests */,
			);
		};
/* End PBXProject section */

/* Begin PBXResourcesBuildPhase section */
		6C383AE8265FF0E6002DA86B /* Resources */ = {
			isa = PBXResourcesBuildPhase;
			buildActionMask = 2147483647;
			files = (
				6C383AFD265FF0E9002DA86B /* LaunchScreen.storyboard in Resources */,
				6C383AFA265FF0E9002DA86B /* Assets.xcassets in Resources */,
			);
			runOnlyForDeploymentPostprocessing = 0;
		};
		6C383B01265FF0E9002DA86B /* Resources */ = {
			isa = PBXResourcesBuildPhase;
			buildActionMask = 2147483647;
			files = (
			);
			runOnlyForDeploymentPostprocessing = 0;
		};
		6C383B0C265FF0E9002DA86B /* Resources */ = {
			isa = PBXResourcesBuildPhase;
			buildActionMask = 2147483647;
			files = (
			);
			runOnlyForDeploymentPostprocessing = 0;
		};
/* End PBXResourcesBuildPhase section */

/* Begin PBXSourcesBuildPhase section */
		6C383AE6265FF0E6002DA86B /* Sources */ = {
			isa = PBXSourcesBuildPhase;
			buildActionMask = 2147483647;
			files = (
				6C383AEE265FF0E6002DA86B /* AppDelegate.swift in Sources */,
				6C383B2C265FF1AE002DA86B /* FormFieldView.swift in Sources */,
				6C383B3A265FF2FF002DA86B /* UIView+Ext.swift in Sources */,
				6C383AF0265FF0E6002DA86B /* SceneDelegate.swift in Sources */,
				6C383B34265FF1F0002DA86B /* LoginViewController.swift in Sources */,
				6C383B42265FF6E5002DA86B /* BaseViewController.swift in Sources */,
				6C383AF8265FF0E6002DA86B /* login_with_combine.xcdatamodeld in Sources */,
			);
			runOnlyForDeploymentPostprocessing = 0;
		};
		6C383AFF265FF0E9002DA86B /* Sources */ = {
			isa = PBXSourcesBuildPhase;
			buildActionMask = 2147483647;
			files = (
				6C383B08265FF0E9002DA86B /* login_with_combineTests.swift in Sources */,
			);
			runOnlyForDeploymentPostprocessing = 0;
		};
		6C383B0A265FF0E9002DA86B /* Sources */ = {
			isa = PBXSourcesBuildPhase;
			buildActionMask = 2147483647;
			files = (
				6C383B13265FF0EA002DA86B /* login_with_combineUITests.swift in Sources */,
			);
			runOnlyForDeploymentPostprocessing = 0;
		};
/* End PBXSourcesBuildPhase section */

/* Begin PBXTargetDependency section */
		6C383B05265FF0E9002DA86B /* PBXTargetDependency */ = {
			isa = PBXTargetDependency;
			target = 6C383AE9265FF0E6002DA86B /* login-with-combine */;
			targetProxy = 6C383B04265FF0E9002DA86B /* PBXContainerItemProxy */;
		};
		6C383B10265FF0E9002DA86B /* PBXTargetDependency */ = {
			isa = PBXTargetDependency;
			target = 6C383AE9265FF0E6002DA86B /* login-with-combine */;
			targetProxy = 6C383B0F265FF0E9002DA86B /* PBXContainerItemProxy */;
		};
/* End PBXTargetDependency section */

/* Begin PBXVariantGroup section */
		6C383AFB265FF0E9002DA86B /* LaunchScreen.storyboard */ = {
			isa = PBXVariantGroup;
			children = (
				6C383AFC265FF0E9002DA86B /* Base */,
			);
			name = LaunchScreen.storyboard;
			sourceTree = "<group>";
		};
/* End PBXVariantGroup section */

/* Begin XCBuildConfiguration section */
		6C383B15265FF0EA002DA86B /* Debug */ = {
			isa = XCBuildConfiguration;
			buildSettings = {
				ALWAYS_SEARCH_USER_PATHS = NO;
				CLANG_ANALYZER_NONNULL = YES;
				CLANG_ANALYZER_NUMBER_OBJECT_CONVERSION = YES_AGGRESSIVE;
				CLANG_CXX_LANGUAGE_STANDARD = "gnu++14";
				CLANG_CXX_LIBRARY = "libc++";
				CLANG_ENABLE_MODULES = YES;
				CLANG_ENABLE_OBJC_ARC = YES;
				CLANG_ENABLE_OBJC_WEAK = YES;
				CLANG_WARN_BLOCK_CAPTURE_AUTORELEASING = YES;
				CLANG_WARN_BOOL_CONVERSION = YES;
				CLANG_WARN_COMMA = YES;
				CLANG_WARN_CONSTANT_CONVERSION = YES;
				CLANG_WARN_DEPRECATED_OBJC_IMPLEMENTATIONS = YES;
				CLANG_WARN_DIRECT_OBJC_ISA_USAGE = YES_ERROR;
				CLANG_WARN_DOCUMENTATION_COMMENTS = YES;
				CLANG_WARN_EMPTY_BODY = YES;
				CLANG_WARN_ENUM_CONVERSION = YES;
				CLANG_WARN_INFINITE_RECURSION = YES;
				CLANG_WARN_INT_CONVERSION = YES;
				CLANG_WARN_NON_LITERAL_NULL_CONVERSION = YES;
				CLANG_WARN_OBJC_IMPLICIT_RETAIN_SELF = YES;
				CLANG_WARN_OBJC_LITERAL_CONVERSION = YES;
				CLANG_WARN_OBJC_ROOT_CLASS = YES_ERROR;
				CLANG_WARN_QUOTED_INCLUDE_IN_FRAMEWORK_HEADER = YES;
				CLANG_WARN_RANGE_LOOP_ANALYSIS = YES;
				CLANG_WARN_STRICT_PROTOTYPES = YES;
				CLANG_WARN_SUSPICIOUS_MOVE = YES;
				CLANG_WARN_UNGUARDED_AVAILABILITY = YES_AGGRESSIVE;
				CLANG_WARN_UNREACHABLE_CODE = YES;
				CLANG_WARN__DUPLICATE_METHOD_MATCH = YES;
				COPY_PHASE_STRIP = NO;
				DEBUG_INFORMATION_FORMAT = dwarf;
				ENABLE_STRICT_OBJC_MSGSEND = YES;
				ENABLE_TESTABILITY = YES;
				GCC_C_LANGUAGE_STANDARD = gnu11;
				GCC_DYNAMIC_NO_PIC = NO;
				GCC_NO_COMMON_BLOCKS = YES;
				GCC_OPTIMIZATION_LEVEL = 0;
				GCC_PREPROCESSOR_DEFINITIONS = (
					"DEBUG=1",
					"$(inherited)",
				);
				GCC_WARN_64_TO_32_BIT_CONVERSION = YES;
				GCC_WARN_ABOUT_RETURN_TYPE = YES_ERROR;
				GCC_WARN_UNDECLARED_SELECTOR = YES;
				GCC_WARN_UNINITIALIZED_AUTOS = YES_AGGRESSIVE;
				GCC_WARN_UNUSED_FUNCTION = YES;
				GCC_WARN_UNUSED_VARIABLE = YES;
				IPHONEOS_DEPLOYMENT_TARGET = 14.4;
				MTL_ENABLE_DEBUG_INFO = INCLUDE_SOURCE;
				MTL_FAST_MATH = YES;
				ONLY_ACTIVE_ARCH = YES;
				SDKROOT = iphoneos;
				SWIFT_ACTIVE_COMPILATION_CONDITIONS = DEBUG;
				SWIFT_OPTIMIZATION_LEVEL = "-Onone";
			};
			name = Debug;
		};
		6C383B16265FF0EA002DA86B /* Release */ = {
			isa = XCBuildConfiguration;
			buildSettings = {
				ALWAYS_SEARCH_USER_PATHS = NO;
				CLANG_ANALYZER_NONNULL = YES;
				CLANG_ANALYZER_NUMBER_OBJECT_CONVERSION = YES_AGGRESSIVE;
				CLANG_CXX_LANGUAGE_STANDARD = "gnu++14";
				CLANG_CXX_LIBRARY = "libc++";
				CLANG_ENABLE_MODULES = YES;
				CLANG_ENABLE_OBJC_ARC = YES;
				CLANG_ENABLE_OBJC_WEAK = YES;
				CLANG_WARN_BLOCK_CAPTURE_AUTORELEASING = YES;
				CLANG_WARN_BOOL_CONVERSION = YES;
				CLANG_WARN_COMMA = YES;
				CLANG_WARN_CONSTANT_CONVERSION = YES;
				CLANG_WARN_DEPRECATED_OBJC_IMPLEMENTATIONS = YES;
				CLANG_WARN_DIRECT_OBJC_ISA_USAGE = YES_ERROR;
				CLANG_WARN_DOCUMENTATION_COMMENTS = YES;
				CLANG_WARN_EMPTY_BODY = YES;
				CLANG_WARN_ENUM_CONVERSION = YES;
				CLANG_WARN_INFINITE_RECURSION = YES;
				CLANG_WARN_INT_CONVERSION = YES;
				CLANG_WARN_NON_LITERAL_NULL_CONVERSION = YES;
				CLANG_WARN_OBJC_IMPLICIT_RETAIN_SELF = YES;
				CLANG_WARN_OBJC_LITERAL_CONVERSION = YES;
				CLANG_WARN_OBJC_ROOT_CLASS = YES_ERROR;
				CLANG_WARN_QUOTED_INCLUDE_IN_FRAMEWORK_HEADER = YES;
				CLANG_WARN_RANGE_LOOP_ANALYSIS = YES;
				CLANG_WARN_STRICT_PROTOTYPES = YES;
				CLANG_WARN_SUSPICIOUS_MOVE = YES;
				CLANG_WARN_UNGUARDED_AVAILABILITY = YES_AGGRESSIVE;
				CLANG_WARN_UNREACHABLE_CODE = YES;
				CLANG_WARN__DUPLICATE_METHOD_MATCH = YES;
				COPY_PHASE_STRIP = NO;
				DEBUG_INFORMATION_FORMAT = "dwarf-with-dsym";
				ENABLE_NS_ASSERTIONS = NO;
				ENABLE_STRICT_OBJC_MSGSEND = YES;
				GCC_C_LANGUAGE_STANDARD = gnu11;
				GCC_NO_COMMON_BLOCKS = YES;
				GCC_WARN_64_TO_32_BIT_CONVERSION = YES;
				GCC_WARN_ABOUT_RETURN_TYPE = YES_ERROR;
				GCC_WARN_UNDECLARED_SELECTOR = YES;
				GCC_WARN_UNINITIALIZED_AUTOS = YES_AGGRESSIVE;
				GCC_WARN_UNUSED_FUNCTION = YES;
				GCC_WARN_UNUSED_VARIABLE = YES;
				IPHONEOS_DEPLOYMENT_TARGET = 14.4;
				MTL_ENABLE_DEBUG_INFO = NO;
				MTL_FAST_MATH = YES;
				SDKROOT = iphoneos;
				SWIFT_COMPILATION_MODE = wholemodule;
				SWIFT_OPTIMIZATION_LEVEL = "-O";
				VALIDATE_PRODUCT = YES;
			};
			name = Release;
		};
		6C383B18265FF0EA002DA86B /* Debug */ = {
			isa = XCBuildConfiguration;
			buildSettings = {
				ASSETCATALOG_COMPILER_APPICON_NAME = AppIcon;
				ASSETCATALOG_COMPILER_GLOBAL_ACCENT_COLOR_NAME = AccentColor;
				CODE_SIGN_STYLE = Automatic;
				DEVELOPMENT_TEAM = 7D4S6RHL55;
				INFOPLIST_FILE = "login-with-combine/Info.plist";
				LD_RUNPATH_SEARCH_PATHS = (
					"$(inherited)",
					"@executable_path/Frameworks",
				);
				PRODUCT_BUNDLE_IDENTIFIER = "com.mauli.login-with-combine";
				PRODUCT_NAME = "$(TARGET_NAME)";
				SWIFT_VERSION = 5.0;
				TARGETED_DEVICE_FAMILY = "1,2";
			};
			name = Debug;
		};
		6C383B19265FF0EA002DA86B /* Release */ = {
			isa = XCBuildConfiguration;
			buildSettings = {
				ASSETCATALOG_COMPILER_APPICON_NAME = AppIcon;
				ASSETCATALOG_COMPILER_GLOBAL_ACCENT_COLOR_NAME = AccentColor;
				CODE_SIGN_STYLE = Automatic;
				DEVELOPMENT_TEAM = 7D4S6RHL55;
				INFOPLIST_FILE = "login-with-combine/Info.plist";
				LD_RUNPATH_SEARCH_PATHS = (
					"$(inherited)",
					"@executable_path/Frameworks",
				);
				PRODUCT_BUNDLE_IDENTIFIER = "com.mauli.login-with-combine";
				PRODUCT_NAME = "$(TARGET_NAME)";
				SWIFT_VERSION = 5.0;
				TARGETED_DEVICE_FAMILY = "1,2";
			};
			name = Release;
		};
		6C383B1B265FF0EA002DA86B /* Debug */ = {
			isa = XCBuildConfiguration;
			buildSettings = {
				ALWAYS_EMBED_SWIFT_STANDARD_LIBRARIES = YES;
				BUNDLE_LOADER = "$(TEST_HOST)";
				CODE_SIGN_STYLE = Automatic;
				DEVELOPMENT_TEAM = 7D4S6RHL55;
				INFOPLIST_FILE = "login-with-combineTests/Info.plist";
				IPHONEOS_DEPLOYMENT_TARGET = 14.4;
				LD_RUNPATH_SEARCH_PATHS = (
					"$(inherited)",
					"@executable_path/Frameworks",
					"@loader_path/Frameworks",
				);
				PRODUCT_BUNDLE_IDENTIFIER = "com.mauli.login-with-combineTests";
				PRODUCT_NAME = "$(TARGET_NAME)";
				SWIFT_VERSION = 5.0;
				TARGETED_DEVICE_FAMILY = "1,2";
				TEST_HOST = "$(BUILT_PRODUCTS_DIR)/login-with-combine.app/login-with-combine";
			};
			name = Debug;
		};
		6C383B1C265FF0EA002DA86B /* Release */ = {
			isa = XCBuildConfiguration;
			buildSettings = {
				ALWAYS_EMBED_SWIFT_STANDARD_LIBRARIES = YES;
				BUNDLE_LOADER = "$(TEST_HOST)";
				CODE_SIGN_STYLE = Automatic;
				DEVELOPMENT_TEAM = 7D4S6RHL55;
				INFOPLIST_FILE = "login-with-combineTests/Info.plist";
				IPHONEOS_DEPLOYMENT_TARGET = 14.4;
				LD_RUNPATH_SEARCH_PATHS = (
					"$(inherited)",
					"@executable_path/Frameworks",
					"@loader_path/Frameworks",
				);
				PRODUCT_BUNDLE_IDENTIFIER = "com.mauli.login-with-combineTests";
				PRODUCT_NAME = "$(TARGET_NAME)";
				SWIFT_VERSION = 5.0;
				TARGETED_DEVICE_FAMILY = "1,2";
				TEST_HOST = "$(BUILT_PRODUCTS_DIR)/login-with-combine.app/login-with-combine";
			};
			name = Release;
		};
		6C383B1E265FF0EA002DA86B /* Debug */ = {
			isa = XCBuildConfiguration;
			buildSettings = {
				ALWAYS_EMBED_SWIFT_STANDARD_LIBRARIES = YES;
				CODE_SIGN_STYLE = Automatic;
				DEVELOPMENT_TEAM = 7D4S6RHL55;
				INFOPLIST_FILE = "login-with-combineUITests/Info.plist";
				LD_RUNPATH_SEARCH_PATHS = (
					"$(inherited)",
					"@executable_path/Frameworks",
					"@loader_path/Frameworks",
				);
				PRODUCT_BUNDLE_IDENTIFIER = "com.mauli.login-with-combineUITests";
				PRODUCT_NAME = "$(TARGET_NAME)";
				SWIFT_VERSION = 5.0;
				TARGETED_DEVICE_FAMILY = "1,2";
				TEST_TARGET_NAME = "login-with-combine";
			};
			name = Debug;
		};
		6C383B1F265FF0EA002DA86B /* Release */ = {
			isa = XCBuildConfiguration;
			buildSettings = {
				ALWAYS_EMBED_SWIFT_STANDARD_LIBRARIES = YES;
				CODE_SIGN_STYLE = Automatic;
				DEVELOPMENT_TEAM = 7D4S6RHL55;
				INFOPLIST_FILE = "login-with-combineUITests/Info.plist";
				LD_RUNPATH_SEARCH_PATHS = (
					"$(inherited)",
					"@executable_path/Frameworks",
					"@loader_path/Frameworks",
				);
				PRODUCT_BUNDLE_IDENTIFIER = "com.mauli.login-with-combineUITests";
				PRODUCT_NAME = "$(TARGET_NAME)";
				SWIFT_VERSION = 5.0;
				TARGETED_DEVICE_FAMILY = "1,2";
				TEST_TARGET_NAME = "login-with-combine";
			};
			name = Release;
		};
/* End XCBuildConfiguration section */

/* Begin XCConfigurationList section */
		6C383AE5265FF0E6002DA86B /* Build configuration list for PBXProject "login-with-combine" */ = {
			isa = XCConfigurationList;
			buildConfigurations = (
				6C383B15265FF0EA002DA86B /* Debug */,
				6C383B16265FF0EA002DA86B /* Release */,
			);
			defaultConfigurationIsVisible = 0;
			defaultConfigurationName = Release;
		};
		6C383B17265FF0EA002DA86B /* Build configuration list for PBXNativeTarget "login-with-combine" */ = {
			isa = XCConfigurationList;
			buildConfigurations = (
				6C383B18265FF0EA002DA86B /* Debug */,
				6C383B19265FF0EA002DA86B /* Release */,
			);
			defaultConfigurationIsVisible = 0;
			defaultConfigurationName = Release;
		};
		6C383B1A265FF0EA002DA86B /* Build configuration list for PBXNativeTarget "login-with-combineTests" */ = {
			isa = XCConfigurationList;
			buildConfigurations = (
				6C383B1B265FF0EA002DA86B /* Debug */,
				6C383B1C265FF0EA002DA86B /* Release */,
			);
			defaultConfigurationIsVisible = 0;
			defaultConfigurationName = Release;
		};
		6C383B1D265FF0EA002DA86B /* Build configuration list for PBXNativeTarget "login-with-combineUITests" */ = {
			isa = XCConfigurationList;
			buildConfigurations = (
				6C383B1E265FF0EA002DA86B /* Debug */,
				6C383B1F265FF0EA002DA86B /* Release */,
			);
			defaultConfigurationIsVisible = 0;
			defaultConfigurationName = Release;
		};
/* End XCConfigurationList section */

/* Begin XCVersionGroup section */
		6C383AF6265FF0E6002DA86B /* login_with_combine.xcdatamodeld */ = {
			isa = XCVersionGroup;
			children = (
				6C383AF7265FF0E6002DA86B /* login_with_combine.xcdatamodel */,
			);
			currentVersion = 6C383AF7265FF0E6002DA86B /* login_with_combine.xcdatamodel */;
			path = login_with_combine.xcdatamodeld;
			sourceTree = "<group>";
			versionGroupType = wrapper.xcdatamodel;
		};
/* End XCVersionGroup section */
	};
	rootObject = 6C383AE2265FF0E6002DA86B /* Project object */;
}
